// !$*UTF8*$!
{
	archiveVersion = 1;
	classes = {
	};
	objectVersion = 46;
	objects = {

/* Begin PBXBuildFile section */
		6437C7981A78A08D000187AC /* PlngTileViewController.m in Sources */ = {isa = PBXBuildFile; fileRef = 6437C78E1A78A08D000187AC /* PlngTileViewController.m */; };
		6437C7991A78A08D000187AC /* PlngTileViewController.xib in Resources */ = {isa = PBXBuildFile; fileRef = 6437C78F1A78A08D000187AC /* PlngTileViewController.xib */; };
		6437C79A1A78A08D000187AC /* PlanningViewController.m in Sources */ = {isa = PBXBuildFile; fileRef = 6437C7911A78A08D000187AC /* PlanningViewController.m */; };
		6437C79B1A78A08D000187AC /* PlanningViewController.xib in Resources */ = {isa = PBXBuildFile; fileRef = 6437C7921A78A08D000187AC /* PlanningViewController.xib */; };
		6437C79C1A78A08D000187AC /* customplancell.xib in Resources */ = {isa = PBXBuildFile; fileRef = 6437C7931A78A08D000187AC /* customplancell.xib */; };
		6437C7A31A78A164000187AC /* Rightscheck.m in Sources */ = {isa = PBXBuildFile; fileRef = 6437C7A21A78A164000187AC /* Rightscheck.m */; };
		6437C7A61A78A17D000187AC /* planmodel.m in Sources */ = {isa = PBXBuildFile; fileRef = 6437C7A51A78A17D000187AC /* planmodel.m */; };
		6437C7A91A78A1B9000187AC /* Validation.m in Sources */ = {isa = PBXBuildFile; fileRef = 6437C7A81A78A1B9000187AC /* Validation.m */; };
		6437C7C61A78A6A7000187AC /* work-entry.png in Resources */ = {isa = PBXBuildFile; fileRef = 6437C7C41A78A6A7000187AC /* work-entry.png */; };
		6437C7C71A78A6A7000187AC /* planning-s.png in Resources */ = {isa = PBXBuildFile; fileRef = 6437C7C51A78A6A7000187AC /* planning-s.png */; };
		6437C7C91A78A6B4000187AC /* textbox.png in Resources */ = {isa = PBXBuildFile; fileRef = 6437C7C81A78A6B4000187AC /* textbox.png */; };
		6437C7CB1A78AA97000187AC /* appbar.delete.png in Resources */ = {isa = PBXBuildFile; fileRef = 6437C7CA1A78AA97000187AC /* appbar.delete.png */; };
		6437C7CD1A78AA9E000187AC /* appbar.edit.png in Resources */ = {isa = PBXBuildFile; fileRef = 6437C7CC1A78AA9E000187AC /* appbar.edit.png */; };
		6437C7CF1A78AABA000187AC /* carat.png in Resources */ = {isa = PBXBuildFile; fileRef = 6437C7CE1A78AABA000187AC /* carat.png */; };
		6437C7D11A78AB30000187AC /* bgmetro1.png in Resources */ = {isa = PBXBuildFile; fileRef = 6437C7D01A78AB30000187AC /* bgmetro1.png */; };
		6437C7E01A78C1F8000187AC /* AddworkViewController.m in Sources */ = {isa = PBXBuildFile; fileRef = 6437C7D81A78C1F8000187AC /* AddworkViewController.m */; };
		6437C7E11A78C1F8000187AC /* AddworkViewController.xib in Resources */ = {isa = PBXBuildFile; fileRef = 6437C7D91A78C1F8000187AC /* AddworkViewController.xib */; };
		6437C7E21A78C1F8000187AC /* ChartViewController.m in Sources */ = {isa = PBXBuildFile; fileRef = 6437C7DB1A78C1F8000187AC /* ChartViewController.m */; };
		6437C7E31A78C1F8000187AC /* ChartViewController.xib in Resources */ = {isa = PBXBuildFile; fileRef = 6437C7DC1A78C1F8000187AC /* ChartViewController.xib */; };
		6437C7E41A78C1F8000187AC /* AddplanViewController.m in Sources */ = {isa = PBXBuildFile; fileRef = 6437C7DE1A78C1F8000187AC /* AddplanViewController.m */; };
		6437C7E51A78C1F8000187AC /* AddplanViewController.xib in Resources */ = {isa = PBXBuildFile; fileRef = 6437C7DF1A78C1F8000187AC /* AddplanViewController.xib */; };
		64C7D71E1A7223EA00FC602F /* 40x27logo.png in Resources */ = {isa = PBXBuildFile; fileRef = 64C7D71D1A7223EA00FC602F /* 40x27logo.png */; };
		64C7D7351A722D8900FC602F /* AFHTTPClient.m in Sources */ = {isa = PBXBuildFile; fileRef = 64C7D7231A722D8900FC602F /* AFHTTPClient.m */; };
		64C7D7361A722D8900FC602F /* AFHTTPRequestOperation.m in Sources */ = {isa = PBXBuildFile; fileRef = 64C7D7251A722D8900FC602F /* AFHTTPRequestOperation.m */; };
		64C7D7371A722D8900FC602F /* AFImageRequestOperation.m in Sources */ = {isa = PBXBuildFile; fileRef = 64C7D7271A722D8900FC602F /* AFImageRequestOperation.m */; };
		64C7D7381A722D8900FC602F /* AFJSONRequestOperation.m in Sources */ = {isa = PBXBuildFile; fileRef = 64C7D7291A722D8900FC602F /* AFJSONRequestOperation.m */; };
		64C7D7391A722D8900FC602F /* AFNetworkActivityIndicatorManager.m in Sources */ = {isa = PBXBuildFile; fileRef = 64C7D72B1A722D8900FC602F /* AFNetworkActivityIndicatorManager.m */; };
		64C7D73A1A722D8900FC602F /* AFPropertyListRequestOperation.m in Sources */ = {isa = PBXBuildFile; fileRef = 64C7D72E1A722D8900FC602F /* AFPropertyListRequestOperation.m */; };
		64C7D73B1A722D8900FC602F /* AFURLConnectionOperation.m in Sources */ = {isa = PBXBuildFile; fileRef = 64C7D7301A722D8900FC602F /* AFURLConnectionOperation.m */; };
		64C7D73C1A722D8900FC602F /* AFXMLRequestOperation.m in Sources */ = {isa = PBXBuildFile; fileRef = 64C7D7321A722D8900FC602F /* AFXMLRequestOperation.m */; };
		64C7D73D1A722D8900FC602F /* UIImageView+AFNetworking.m in Sources */ = {isa = PBXBuildFile; fileRef = 64C7D7341A722D8900FC602F /* UIImageView+AFNetworking.m */; };
		64C7D73F1A72451A00FC602F /* clarity-shutdown-icon.png in Resources */ = {isa = PBXBuildFile; fileRef = 64C7D73E1A72451A00FC602F /* clarity-shutdown-icon.png */; };
		64C7D7651A72589C00FC602F /* ViewController.m in Sources */ = {isa = PBXBuildFile; fileRef = 64C7D7601A72589C00FC602F /* ViewController.m */; };
		64C7D7661A72589C00FC602F /* ViewController.xib in Resources */ = {isa = PBXBuildFile; fileRef = 64C7D7611A72589C00FC602F /* ViewController.xib */; };
		64C7D7671A72589C00FC602F /* HomeViewController.m in Sources */ = {isa = PBXBuildFile; fileRef = 64C7D7631A72589C00FC602F /* HomeViewController.m */; };
		64C7D7681A72589C00FC602F /* HomeViewController.xib in Resources */ = {isa = PBXBuildFile; fileRef = 64C7D7641A72589C00FC602F /* HomeViewController.xib */; };
		D42C9F651A7214B2003BF9F3 /* main.m in Sources */ = {isa = PBXBuildFile; fileRef = D42C9F641A7214B2003BF9F3 /* main.m */; };
		D42C9F681A7214B2003BF9F3 /* AppDelegate.m in Sources */ = {isa = PBXBuildFile; fileRef = D42C9F671A7214B2003BF9F3 /* AppDelegate.m */; };
		D42C9F701A7214B2003BF9F3 /* Images.xcassets in Resources */ = {isa = PBXBuildFile; fileRef = D42C9F6F1A7214B2003BF9F3 /* Images.xcassets */; };
		D42C9F7F1A7214B2003BF9F3 /* KontractWorkOrderTests.m in Sources */ = {isa = PBXBuildFile; fileRef = D42C9F7E1A7214B2003BF9F3 /* KontractWorkOrderTests.m */; };
		D42C9F951A721A3B003BF9F3 /* WorkViewController.m in Sources */ = {isa = PBXBuildFile; fileRef = D42C9F931A721A3B003BF9F3 /* WorkViewController.m */; };
		D42C9F961A721A3B003BF9F3 /* WorkViewController.xib in Resources */ = {isa = PBXBuildFile; fileRef = D42C9F941A721A3B003BF9F3 /* WorkViewController.xib */; };
		D42C9F981A721CAB003BF9F3 /* libsqlite3.0.dylib in Frameworks */ = {isa = PBXBuildFile; fileRef = D42C9F971A721CAB003BF9F3 /* libsqlite3.0.dylib */; };
		D42C9F9F1A7221E0003BF9F3 /* appbar.close.png in Resources */ = {isa = PBXBuildFile; fileRef = D42C9F9E1A7221E0003BF9F3 /* appbar.close.png */; };
		D42C9FA81A722C90003BF9F3 /* addblack.png in Resources */ = {isa = PBXBuildFile; fileRef = D42C9FA71A722C90003BF9F3 /* addblack.png */; };
		D42C9FAA1A725FF3003BF9F3 /* WorkCell.xib in Resources */ = {isa = PBXBuildFile; fileRef = D42C9FA91A725FF2003BF9F3 /* WorkCell.xib */; };
		D42C9FAC1A7264E3003BF9F3 /* cb_mono_on.png in Resources */ = {isa = PBXBuildFile; fileRef = D42C9FAB1A7264E3003BF9F3 /* cb_mono_on.png */; };
		D42C9FAE1A7264EB003BF9F3 /* cb_mono_off.png in Resources */ = {isa = PBXBuildFile; fileRef = D42C9FAD1A7264EB003BF9F3 /* cb_mono_off.png */; };
		D42C9FB01A726615003BF9F3 /* QuartzCore.framework in Frameworks */ = {isa = PBXBuildFile; fileRef = D42C9FAF1A726615003BF9F3 /* QuartzCore.framework */; };
		D4BDDE391A78DF990051B62B /* ChartcellView.xib in Resources */ = {isa = PBXBuildFile; fileRef = D4BDDE381A78DF990051B62B /* ChartcellView.xib */; };
/* End PBXBuildFile section */

/* Begin PBXContainerItemProxy section */
		D42C9F791A7214B2003BF9F3 /* PBXContainerItemProxy */ = {
			isa = PBXContainerItemProxy;
			containerPortal = D42C9F571A7214B2003BF9F3 /* Project object */;
			proxyType = 1;
			remoteGlobalIDString = D42C9F5E1A7214B2003BF9F3;
			remoteInfo = KontractWorkOrder;
		};
/* End PBXContainerItemProxy section */

/* Begin PBXFileReference section */
		6437C78D1A78A08D000187AC /* PlngTileViewController.h */ = {isa = PBXFileReference; fileEncoding = 4; lastKnownFileType = sourcecode.c.h; path = PlngTileViewController.h; sourceTree = "<group>"; };
		6437C78E1A78A08D000187AC /* PlngTileViewController.m */ = {isa = PBXFileReference; fileEncoding = 4; lastKnownFileType = sourcecode.c.objc; path = PlngTileViewController.m; sourceTree = "<group>"; };
		6437C78F1A78A08D000187AC /* PlngTileViewController.xib */ = {isa = PBXFileReference; fileEncoding = 4; lastKnownFileType = file.xib; path = PlngTileViewController.xib; sourceTree = "<group>"; };
		6437C7911A78A08D000187AC /* PlanningViewController.m */ = {isa = PBXFileReference; fileEncoding = 4; lastKnownFileType = sourcecode.c.objc; path = PlanningViewController.m; sourceTree = "<group>"; };
		6437C7921A78A08D000187AC /* PlanningViewController.xib */ = {isa = PBXFileReference; fileEncoding = 4; lastKnownFileType = file.xib; path = PlanningViewController.xib; sourceTree = "<group>"; };
		6437C7931A78A08D000187AC /* customplancell.xib */ = {isa = PBXFileReference; fileEncoding = 4; lastKnownFileType = file.xib; path = customplancell.xib; sourceTree = "<group>"; };
		6437C7A11A78A164000187AC /* Rightscheck.h */ = {isa = PBXFileReference; fileEncoding = 4; lastKnownFileType = sourcecode.c.h; path = Rightscheck.h; sourceTree = "<group>"; };
		6437C7A21A78A164000187AC /* Rightscheck.m */ = {isa = PBXFileReference; fileEncoding = 4; lastKnownFileType = sourcecode.c.objc; path = Rightscheck.m; sourceTree = "<group>"; };
		6437C7A41A78A17D000187AC /* planmodel.h */ = {isa = PBXFileReference; fileEncoding = 4; lastKnownFileType = sourcecode.c.h; path = planmodel.h; sourceTree = "<group>"; };
		6437C7A51A78A17D000187AC /* planmodel.m */ = {isa = PBXFileReference; fileEncoding = 4; lastKnownFileType = sourcecode.c.objc; path = planmodel.m; sourceTree = "<group>"; };
		6437C7A71A78A1B9000187AC /* Validation.h */ = {isa = PBXFileReference; fileEncoding = 4; lastKnownFileType = sourcecode.c.h; path = Validation.h; sourceTree = "<group>"; };
		6437C7A81A78A1B9000187AC /* Validation.m */ = {isa = PBXFileReference; fileEncoding = 4; lastKnownFileType = sourcecode.c.objc; path = Validation.m; sourceTree = "<group>"; };
		6437C7C31A78A3A9000187AC /* PlanningViewController.h */ = {isa = PBXFileReference; lastKnownFileType = sourcecode.c.h; path = PlanningViewController.h; sourceTree = "<group>"; };
		6437C7C41A78A6A7000187AC /* work-entry.png */ = {isa = PBXFileReference; lastKnownFileType = image.png; path = "work-entry.png"; sourceTree = "<group>"; };
		6437C7C51A78A6A7000187AC /* planning-s.png */ = {isa = PBXFileReference; lastKnownFileType = image.png; path = "planning-s.png"; sourceTree = "<group>"; };
		6437C7C81A78A6B4000187AC /* textbox.png */ = {isa = PBXFileReference; lastKnownFileType = image.png; path = textbox.png; sourceTree = "<group>"; };
		6437C7CA1A78AA97000187AC /* appbar.delete.png */ = {isa = PBXFileReference; lastKnownFileType = image.png; path = appbar.delete.png; sourceTree = "<group>"; };
		6437C7CC1A78AA9E000187AC /* appbar.edit.png */ = {isa = PBXFileReference; lastKnownFileType = image.png; path = appbar.edit.png; sourceTree = "<group>"; };
		6437C7CE1A78AABA000187AC /* carat.png */ = {isa = PBXFileReference; lastKnownFileType = image.png; path = carat.png; sourceTree = "<group>"; };
		6437C7D01A78AB30000187AC /* bgmetro1.png */ = {isa = PBXFileReference; lastKnownFileType = image.png; path = bgmetro1.png; sourceTree = "<group>"; };
		6437C7D71A78C1F8000187AC /* AddworkViewController.h */ = {isa = PBXFileReference; fileEncoding = 4; lastKnownFileType = sourcecode.c.h; path = AddworkViewController.h; sourceTree = "<group>"; };
		6437C7D81A78C1F8000187AC /* AddworkViewController.m */ = {isa = PBXFileReference; fileEncoding = 4; lastKnownFileType = sourcecode.c.objc; path = AddworkViewController.m; sourceTree = "<group>"; };
		6437C7D91A78C1F8000187AC /* AddworkViewController.xib */ = {isa = PBXFileReference; fileEncoding = 4; lastKnownFileType = file.xib; path = AddworkViewController.xib; sourceTree = "<group>"; };
		6437C7DA1A78C1F8000187AC /* ChartViewController.h */ = {isa = PBXFileReference; fileEncoding = 4; lastKnownFileType = sourcecode.c.h; path = ChartViewController.h; sourceTree = "<group>"; };
		6437C7DB1A78C1F8000187AC /* ChartViewController.m */ = {isa = PBXFileReference; fileEncoding = 4; lastKnownFileType = sourcecode.c.objc; path = ChartViewController.m; sourceTree = "<group>"; };
		6437C7DC1A78C1F8000187AC /* ChartViewController.xib */ = {isa = PBXFileReference; fileEncoding = 4; lastKnownFileType = file.xib; path = ChartViewController.xib; sourceTree = "<group>"; };
		6437C7DD1A78C1F8000187AC /* AddplanViewController.h */ = {isa = PBXFileReference; fileEncoding = 4; lastKnownFileType = sourcecode.c.h; path = AddplanViewController.h; sourceTree = "<group>"; };
		6437C7DE1A78C1F8000187AC /* AddplanViewController.m */ = {isa = PBXFileReference; fileEncoding = 4; lastKnownFileType = sourcecode.c.objc; path = AddplanViewController.m; sourceTree = "<group>"; };
		6437C7DF1A78C1F8000187AC /* AddplanViewController.xib */ = {isa = PBXFileReference; fileEncoding = 4; lastKnownFileType = file.xib; path = AddplanViewController.xib; sourceTree = "<group>"; };
		64C7D71D1A7223EA00FC602F /* 40x27logo.png */ = {isa = PBXFileReference; lastKnownFileType = image.png; path = 40x27logo.png; sourceTree = "<group>"; };
		64C7D7221A722D8900FC602F /* AFHTTPClient.h */ = {isa = PBXFileReference; fileEncoding = 4; lastKnownFileType = sourcecode.c.h; path = AFHTTPClient.h; sourceTree = "<group>"; };
		64C7D7231A722D8900FC602F /* AFHTTPClient.m */ = {isa = PBXFileReference; fileEncoding = 4; lastKnownFileType = sourcecode.c.objc; path = AFHTTPClient.m; sourceTree = "<group>"; };
		64C7D7241A722D8900FC602F /* AFHTTPRequestOperation.h */ = {isa = PBXFileReference; fileEncoding = 4; lastKnownFileType = sourcecode.c.h; path = AFHTTPRequestOperation.h; sourceTree = "<group>"; };
		64C7D7251A722D8900FC602F /* AFHTTPRequestOperation.m */ = {isa = PBXFileReference; fileEncoding = 4; lastKnownFileType = sourcecode.c.objc; path = AFHTTPRequestOperation.m; sourceTree = "<group>"; };
		64C7D7261A722D8900FC602F /* AFImageRequestOperation.h */ = {isa = PBXFileReference; fileEncoding = 4; lastKnownFileType = sourcecode.c.h; path = AFImageRequestOperation.h; sourceTree = "<group>"; };
		64C7D7271A722D8900FC602F /* AFImageRequestOperation.m */ = {isa = PBXFileReference; fileEncoding = 4; lastKnownFileType = sourcecode.c.objc; path = AFImageRequestOperation.m; sourceTree = "<group>"; };
		64C7D7281A722D8900FC602F /* AFJSONRequestOperation.h */ = {isa = PBXFileReference; fileEncoding = 4; lastKnownFileType = sourcecode.c.h; path = AFJSONRequestOperation.h; sourceTree = "<group>"; };
		64C7D7291A722D8900FC602F /* AFJSONRequestOperation.m */ = {isa = PBXFileReference; fileEncoding = 4; lastKnownFileType = sourcecode.c.objc; path = AFJSONRequestOperation.m; sourceTree = "<group>"; };
		64C7D72A1A722D8900FC602F /* AFNetworkActivityIndicatorManager.h */ = {isa = PBXFileReference; fileEncoding = 4; lastKnownFileType = sourcecode.c.h; path = AFNetworkActivityIndicatorManager.h; sourceTree = "<group>"; };
		64C7D72B1A722D8900FC602F /* AFNetworkActivityIndicatorManager.m */ = {isa = PBXFileReference; fileEncoding = 4; lastKnownFileType = sourcecode.c.objc; path = AFNetworkActivityIndicatorManager.m; sourceTree = "<group>"; };
		64C7D72C1A722D8900FC602F /* AFNetworking.h */ = {isa = PBXFileReference; fileEncoding = 4; lastKnownFileType = sourcecode.c.h; path = AFNetworking.h; sourceTree = "<group>"; };
		64C7D72D1A722D8900FC602F /* AFPropertyListRequestOperation.h */ = {isa = PBXFileReference; fileEncoding = 4; lastKnownFileType = sourcecode.c.h; path = AFPropertyListRequestOperation.h; sourceTree = "<group>"; };
		64C7D72E1A722D8900FC602F /* AFPropertyListRequestOperation.m */ = {isa = PBXFileReference; fileEncoding = 4; lastKnownFileType = sourcecode.c.objc; path = AFPropertyListRequestOperation.m; sourceTree = "<group>"; };
		64C7D72F1A722D8900FC602F /* AFURLConnectionOperation.h */ = {isa = PBXFileReference; fileEncoding = 4; lastKnownFileType = sourcecode.c.h; path = AFURLConnectionOperation.h; sourceTree = "<group>"; };
		64C7D7301A722D8900FC602F /* AFURLConnectionOperation.m */ = {isa = PBXFileReference; fileEncoding = 4; lastKnownFileType = sourcecode.c.objc; path = AFURLConnectionOperation.m; sourceTree = "<group>"; };
		64C7D7311A722D8900FC602F /* AFXMLRequestOperation.h */ = {isa = PBXFileReference; fileEncoding = 4; lastKnownFileType = sourcecode.c.h; path = AFXMLRequestOperation.h; sourceTree = "<group>"; };
		64C7D7321A722D8900FC602F /* AFXMLRequestOperation.m */ = {isa = PBXFileReference; fileEncoding = 4; lastKnownFileType = sourcecode.c.objc; path = AFXMLRequestOperation.m; sourceTree = "<group>"; };
		64C7D7331A722D8900FC602F /* UIImageView+AFNetworking.h */ = {isa = PBXFileReference; fileEncoding = 4; lastKnownFileType = sourcecode.c.h; path = "UIImageView+AFNetworking.h"; sourceTree = "<group>"; };
		64C7D7341A722D8900FC602F /* UIImageView+AFNetworking.m */ = {isa = PBXFileReference; fileEncoding = 4; lastKnownFileType = sourcecode.c.objc; path = "UIImageView+AFNetworking.m"; sourceTree = "<group>"; };
		64C7D73E1A72451A00FC602F /* clarity-shutdown-icon.png */ = {isa = PBXFileReference; lastKnownFileType = image.png; path = "clarity-shutdown-icon.png"; sourceTree = "<group>"; };
		64C7D75F1A72589C00FC602F /* ViewController.h */ = {isa = PBXFileReference; fileEncoding = 4; lastKnownFileType = sourcecode.c.h; path = ViewController.h; sourceTree = "<group>"; };
		64C7D7601A72589C00FC602F /* ViewController.m */ = {isa = PBXFileReference; fileEncoding = 4; lastKnownFileType = sourcecode.c.objc; path = ViewController.m; sourceTree = "<group>"; };
		64C7D7611A72589C00FC602F /* ViewController.xib */ = {isa = PBXFileReference; fileEncoding = 4; lastKnownFileType = file.xib; path = ViewController.xib; sourceTree = "<group>"; };
		64C7D7621A72589C00FC602F /* HomeViewController.h */ = {isa = PBXFileReference; fileEncoding = 4; lastKnownFileType = sourcecode.c.h; path = HomeViewController.h; sourceTree = "<group>"; };
		64C7D7631A72589C00FC602F /* HomeViewController.m */ = {isa = PBXFileReference; fileEncoding = 4; lastKnownFileType = sourcecode.c.objc; path = HomeViewController.m; sourceTree = "<group>"; };
		64C7D7641A72589C00FC602F /* HomeViewController.xib */ = {isa = PBXFileReference; fileEncoding = 4; lastKnownFileType = file.xib; path = HomeViewController.xib; sourceTree = "<group>"; };
		D42C9F5F1A7214B2003BF9F3 /* KontractWorkOrder.app */ = {isa = PBXFileReference; explicitFileType = wrapper.application; includeInIndex = 0; path = KontractWorkOrder.app; sourceTree = BUILT_PRODUCTS_DIR; };
		D42C9F631A7214B2003BF9F3 /* Info.plist */ = {isa = PBXFileReference; lastKnownFileType = text.plist.xml; path = Info.plist; sourceTree = "<group>"; };
		D42C9F641A7214B2003BF9F3 /* main.m */ = {isa = PBXFileReference; lastKnownFileType = sourcecode.c.objc; path = main.m; sourceTree = "<group>"; };
		D42C9F661A7214B2003BF9F3 /* AppDelegate.h */ = {isa = PBXFileReference; lastKnownFileType = sourcecode.c.h; path = AppDelegate.h; sourceTree = "<group>"; };
		D42C9F671A7214B2003BF9F3 /* AppDelegate.m */ = {isa = PBXFileReference; lastKnownFileType = sourcecode.c.objc; path = AppDelegate.m; sourceTree = "<group>"; };
		D42C9F6F1A7214B2003BF9F3 /* Images.xcassets */ = {isa = PBXFileReference; lastKnownFileType = folder.assetcatalog; path = Images.xcassets; sourceTree = "<group>"; };
		D42C9F781A7214B2003BF9F3 /* KontractWorkOrderTests.xctest */ = {isa = PBXFileReference; explicitFileType = wrapper.cfbundle; includeInIndex = 0; path = KontractWorkOrderTests.xctest; sourceTree = BUILT_PRODUCTS_DIR; };
		D42C9F7D1A7214B2003BF9F3 /* Info.plist */ = {isa = PBXFileReference; lastKnownFileType = text.plist.xml; path = Info.plist; sourceTree = "<group>"; };
		D42C9F7E1A7214B2003BF9F3 /* KontractWorkOrderTests.m */ = {isa = PBXFileReference; lastKnownFileType = sourcecode.c.objc; path = KontractWorkOrderTests.m; sourceTree = "<group>"; };
		D42C9F921A721A3B003BF9F3 /* WorkViewController.h */ = {isa = PBXFileReference; fileEncoding = 4; lastKnownFileType = sourcecode.c.h; path = WorkViewController.h; sourceTree = "<group>"; };
		D42C9F931A721A3B003BF9F3 /* WorkViewController.m */ = {isa = PBXFileReference; fileEncoding = 4; lastKnownFileType = sourcecode.c.objc; path = WorkViewController.m; sourceTree = "<group>"; };
		D42C9F941A721A3B003BF9F3 /* WorkViewController.xib */ = {isa = PBXFileReference; fileEncoding = 4; lastKnownFileType = file.xib; path = WorkViewController.xib; sourceTree = "<group>"; };
		D42C9F971A721CAB003BF9F3 /* libsqlite3.0.dylib */ = {isa = PBXFileReference; lastKnownFileType = "compiled.mach-o.dylib"; name = libsqlite3.0.dylib; path = usr/lib/libsqlite3.0.dylib; sourceTree = SDKROOT; };
		D42C9F9E1A7221E0003BF9F3 /* appbar.close.png */ = {isa = PBXFileReference; lastKnownFileType = image.png; path = appbar.close.png; sourceTree = "<group>"; };
		D42C9FA71A722C90003BF9F3 /* addblack.png */ = {isa = PBXFileReference; lastKnownFileType = image.png; path = addblack.png; sourceTree = "<group>"; };
		D42C9FA91A725FF2003BF9F3 /* WorkCell.xib */ = {isa = PBXFileReference; fileEncoding = 4; lastKnownFileType = file.xib; path = WorkCell.xib; sourceTree = "<group>"; };
		D42C9FAB1A7264E3003BF9F3 /* cb_mono_on.png */ = {isa = PBXFileReference; lastKnownFileType = image.png; path = cb_mono_on.png; sourceTree = "<group>"; };
		D42C9FAD1A7264EB003BF9F3 /* cb_mono_off.png */ = {isa = PBXFileReference; lastKnownFileType = image.png; path = cb_mono_off.png; sourceTree = "<group>"; };
		D42C9FAF1A726615003BF9F3 /* QuartzCore.framework */ = {isa = PBXFileReference; lastKnownFileType = wrapper.framework; name = QuartzCore.framework; path = System/Library/Frameworks/QuartzCore.framework; sourceTree = SDKROOT; };
		D4BDDE381A78DF990051B62B /* ChartcellView.xib */ = {isa = PBXFileReference; fileEncoding = 4; lastKnownFileType = file.xib; path = ChartcellView.xib; sourceTree = "<group>"; };
/* End PBXFileReference section */

/* Begin PBXFrameworksBuildPhase section */
		D42C9F5C1A7214B2003BF9F3 /* Frameworks */ = {
			isa = PBXFrameworksBuildPhase;
			buildActionMask = 2147483647;
			files = (
				D42C9FB01A726615003BF9F3 /* QuartzCore.framework in Frameworks */,
				D42C9F981A721CAB003BF9F3 /* libsqlite3.0.dylib in Frameworks */,
			);
			runOnlyForDeploymentPostprocessing = 0;
		};
		D42C9F751A7214B2003BF9F3 /* Frameworks */ = {
			isa = PBXFrameworksBuildPhase;
			buildActionMask = 2147483647;
			files = (
			);
			runOnlyForDeploymentPostprocessing = 0;
		};
/* End PBXFrameworksBuildPhase section */

/* Begin PBXGroup section */
		6437C7A01A78A153000187AC /* Models */ = {
			isa = PBXGroup;
			children = (
				6437C7A71A78A1B9000187AC /* Validation.h */,
				6437C7A81A78A1B9000187AC /* Validation.m */,
				6437C7A11A78A164000187AC /* Rightscheck.h */,
				6437C7A21A78A164000187AC /* Rightscheck.m */,
				6437C7A41A78A17D000187AC /* planmodel.h */,
				6437C7A51A78A17D000187AC /* planmodel.m */,
			);
			name = Models;
			sourceTree = "<group>";
		};
		64C7D7211A722D8900FC602F /* AFNetworking */ = {
			isa = PBXGroup;
			children = (
				64C7D7221A722D8900FC602F /* AFHTTPClient.h */,
				64C7D7231A722D8900FC602F /* AFHTTPClient.m */,
				64C7D7241A722D8900FC602F /* AFHTTPRequestOperation.h */,
				64C7D7251A722D8900FC602F /* AFHTTPRequestOperation.m */,
				64C7D7261A722D8900FC602F /* AFImageRequestOperation.h */,
				64C7D7271A722D8900FC602F /* AFImageRequestOperation.m */,
				64C7D7281A722D8900FC602F /* AFJSONRequestOperation.h */,
				64C7D7291A722D8900FC602F /* AFJSONRequestOperation.m */,
				64C7D72A1A722D8900FC602F /* AFNetworkActivityIndicatorManager.h */,
				64C7D72B1A722D8900FC602F /* AFNetworkActivityIndicatorManager.m */,
				64C7D72C1A722D8900FC602F /* AFNetworking.h */,
				64C7D72D1A722D8900FC602F /* AFPropertyListRequestOperation.h */,
				64C7D72E1A722D8900FC602F /* AFPropertyListRequestOperation.m */,
				64C7D72F1A722D8900FC602F /* AFURLConnectionOperation.h */,
				64C7D7301A722D8900FC602F /* AFURLConnectionOperation.m */,
				64C7D7311A722D8900FC602F /* AFXMLRequestOperation.h */,
				64C7D7321A722D8900FC602F /* AFXMLRequestOperation.m */,
				64C7D7331A722D8900FC602F /* UIImageView+AFNetworking.h */,
				64C7D7341A722D8900FC602F /* UIImageView+AFNetworking.m */,
			);
			path = AFNetworking;
			sourceTree = "<group>";
		};
		D42C9F561A7214B2003BF9F3 = {
			isa = PBXGroup;
			children = (
				D42C9FAF1A726615003BF9F3 /* QuartzCore.framework */,
				64C7D7211A722D8900FC602F /* AFNetworking */,
				D42C9F971A721CAB003BF9F3 /* libsqlite3.0.dylib */,
				D42C9F611A7214B2003BF9F3 /* KontractWorkOrder */,
				D42C9F7B1A7214B2003BF9F3 /* KontractWorkOrderTests */,
				D42C9F601A7214B2003BF9F3 /* Products */,
			);
			sourceTree = "<group>";
		};
		D42C9F601A7214B2003BF9F3 /* Products */ = {
			isa = PBXGroup;
			children = (
				D42C9F5F1A7214B2003BF9F3 /* KontractWorkOrder.app */,
				D42C9F781A7214B2003BF9F3 /* KontractWorkOrderTests.xctest */,
			);
			name = Products;
			sourceTree = "<group>";
		};
		D42C9F611A7214B2003BF9F3 /* KontractWorkOrder */ = {
			isa = PBXGroup;
			children = (
				6437C7A01A78A153000187AC /* Models */,
				D42C9F991A721E3D003BF9F3 /* Images */,
				D42C9F661A7214B2003BF9F3 /* AppDelegate.h */,
				D42C9F671A7214B2003BF9F3 /* AppDelegate.m */,
				64C7D75F1A72589C00FC602F /* ViewController.h */,
				64C7D7601A72589C00FC602F /* ViewController.m */,
				64C7D7611A72589C00FC602F /* ViewController.xib */,
				6437C78D1A78A08D000187AC /* PlngTileViewController.h */,
				6437C78E1A78A08D000187AC /* PlngTileViewController.m */,
				6437C78F1A78A08D000187AC /* PlngTileViewController.xib */,
				6437C7C31A78A3A9000187AC /* PlanningViewController.h */,
				6437C7911A78A08D000187AC /* PlanningViewController.m */,
				6437C7921A78A08D000187AC /* PlanningViewController.xib */,
				6437C7931A78A08D000187AC /* customplancell.xib */,
				64C7D7621A72589C00FC602F /* HomeViewController.h */,
				64C7D7631A72589C00FC602F /* HomeViewController.m */,
				64C7D7641A72589C00FC602F /* HomeViewController.xib */,
				D42C9F921A721A3B003BF9F3 /* WorkViewController.h */,
				D42C9F931A721A3B003BF9F3 /* WorkViewController.m */,
				D42C9F941A721A3B003BF9F3 /* WorkViewController.xib */,
				D42C9FA91A725FF2003BF9F3 /* WorkCell.xib */,
				6437C7D71A78C1F8000187AC /* AddworkViewController.h */,
				6437C7D81A78C1F8000187AC /* AddworkViewController.m */,
				6437C7D91A78C1F8000187AC /* AddworkViewController.xib */,
				6437C7DA1A78C1F8000187AC /* ChartViewController.h */,
				6437C7DB1A78C1F8000187AC /* ChartViewController.m */,
				6437C7DC1A78C1F8000187AC /* ChartViewController.xib */,
				D4BDDE381A78DF990051B62B /* ChartcellView.xib */,
				6437C7DD1A78C1F8000187AC /* AddplanViewController.h */,
				6437C7DE1A78C1F8000187AC /* AddplanViewController.m */,
				6437C7DF1A78C1F8000187AC /* AddplanViewController.xib */,
				D42C9F6F1A7214B2003BF9F3 /* Images.xcassets */,
				D42C9F621A7214B2003BF9F3 /* Supporting Files */,
			);
			path = KontractWorkOrder;
			sourceTree = "<group>";
		};
		D42C9F621A7214B2003BF9F3 /* Supporting Files */ = {
			isa = PBXGroup;
			children = (
				D42C9F631A7214B2003BF9F3 /* Info.plist */,
				D42C9F641A7214B2003BF9F3 /* main.m */,
			);
			name = "Supporting Files";
			sourceTree = "<group>";
		};
		D42C9F7B1A7214B2003BF9F3 /* KontractWorkOrderTests */ = {
			isa = PBXGroup;
			children = (
				D42C9F7E1A7214B2003BF9F3 /* KontractWorkOrderTests.m */,
				D42C9F7C1A7214B2003BF9F3 /* Supporting Files */,
			);
			path = KontractWorkOrderTests;
			sourceTree = "<group>";
		};
		D42C9F7C1A7214B2003BF9F3 /* Supporting Files */ = {
			isa = PBXGroup;
			children = (
				D42C9F7D1A7214B2003BF9F3 /* Info.plist */,
			);
			name = "Supporting Files";
			sourceTree = "<group>";
		};
		D42C9F991A721E3D003BF9F3 /* Images */ = {
			isa = PBXGroup;
			children = (
				6437C7D01A78AB30000187AC /* bgmetro1.png */,
				6437C7CA1A78AA97000187AC /* appbar.delete.png */,
				6437C7C41A78A6A7000187AC /* work-entry.png */,
				6437C7CC1A78AA9E000187AC /* appbar.edit.png */,
				6437C7C51A78A6A7000187AC /* planning-s.png */,
				6437C7C81A78A6B4000187AC /* textbox.png */,
				D42C9FAB1A7264E3003BF9F3 /* cb_mono_on.png */,
				D42C9FAD1A7264EB003BF9F3 /* cb_mono_off.png */,
				64C7D73E1A72451A00FC602F /* clarity-shutdown-icon.png */,
				D42C9FA71A722C90003BF9F3 /* addblack.png */,
				D42C9F9E1A7221E0003BF9F3 /* appbar.close.png */,
				6437C7CE1A78AABA000187AC /* carat.png */,
				64C7D71D1A7223EA00FC602F /* 40x27logo.png */,
			);
			name = Images;
			sourceTree = "<group>";
		};
/* End PBXGroup section */

/* Begin PBXNativeTarget section */
		D42C9F5E1A7214B2003BF9F3 /* KontractWorkOrder */ = {
			isa = PBXNativeTarget;
			buildConfigurationList = D42C9F821A7214B2003BF9F3 /* Build configuration list for PBXNativeTarget "KontractWorkOrder" */;
			buildPhases = (
				D42C9F5B1A7214B2003BF9F3 /* Sources */,
				D42C9F5C1A7214B2003BF9F3 /* Frameworks */,
				D42C9F5D1A7214B2003BF9F3 /* Resources */,
			);
			buildRules = (
			);
			dependencies = (
			);
			name = KontractWorkOrder;
			productName = KontractWorkOrder;
			productReference = D42C9F5F1A7214B2003BF9F3 /* KontractWorkOrder.app */;
			productType = "com.apple.product-type.application";
		};
		D42C9F771A7214B2003BF9F3 /* KontractWorkOrderTests */ = {
			isa = PBXNativeTarget;
			buildConfigurationList = D42C9F851A7214B2003BF9F3 /* Build configuration list for PBXNativeTarget "KontractWorkOrderTests" */;
			buildPhases = (
				D42C9F741A7214B2003BF9F3 /* Sources */,
				D42C9F751A7214B2003BF9F3 /* Frameworks */,
				D42C9F761A7214B2003BF9F3 /* Resources */,
			);
			buildRules = (
			);
			dependencies = (
				D42C9F7A1A7214B2003BF9F3 /* PBXTargetDependency */,
			);
			name = KontractWorkOrderTests;
			productName = KontractWorkOrderTests;
			productReference = D42C9F781A7214B2003BF9F3 /* KontractWorkOrderTests.xctest */;
			productType = "com.apple.product-type.bundle.unit-test";
		};
/* End PBXNativeTarget section */

/* Begin PBXProject section */
		D42C9F571A7214B2003BF9F3 /* Project object */ = {
			isa = PBXProject;
			attributes = {
				LastUpgradeCheck = 0610;
				ORGANIZATIONNAME = GMSIndia1;
				TargetAttributes = {
					D42C9F5E1A7214B2003BF9F3 = {
						CreatedOnToolsVersion = 6.1;
					};
					D42C9F771A7214B2003BF9F3 = {
						CreatedOnToolsVersion = 6.1;
						TestTargetID = D42C9F5E1A7214B2003BF9F3;
					};
				};
			};
			buildConfigurationList = D42C9F5A1A7214B2003BF9F3 /* Build configuration list for PBXProject "KontractWorkOrder" */;
			compatibilityVersion = "Xcode 3.2";
			developmentRegion = English;
			hasScannedForEncodings = 0;
			knownRegions = (
				en,
				Base,
			);
			mainGroup = D42C9F561A7214B2003BF9F3;
			productRefGroup = D42C9F601A7214B2003BF9F3 /* Products */;
			projectDirPath = "";
			projectRoot = "";
			targets = (
				D42C9F5E1A7214B2003BF9F3 /* KontractWorkOrder */,
				D42C9F771A7214B2003BF9F3 /* KontractWorkOrderTests */,
			);
		};
/* End PBXProject section */

/* Begin PBXResourcesBuildPhase section */
		D42C9F5D1A7214B2003BF9F3 /* Resources */ = {
			isa = PBXResourcesBuildPhase;
			buildActionMask = 2147483647;
			files = (
				D42C9F961A721A3B003BF9F3 /* WorkViewController.xib in Resources */,
				D42C9FAE1A7264EB003BF9F3 /* cb_mono_off.png in Resources */,
				64C7D71E1A7223EA00FC602F /* 40x27logo.png in Resources */,
				64C7D7661A72589C00FC602F /* ViewController.xib in Resources */,
				6437C7C91A78A6B4000187AC /* textbox.png in Resources */,
				6437C7991A78A08D000187AC /* PlngTileViewController.xib in Resources */,
				D42C9F9F1A7221E0003BF9F3 /* appbar.close.png in Resources */,
				6437C7E31A78C1F8000187AC /* ChartViewController.xib in Resources */,
				D4BDDE391A78DF990051B62B /* ChartcellView.xib in Resources */,
				6437C7CD1A78AA9E000187AC /* appbar.edit.png in Resources */,
				6437C79B1A78A08D000187AC /* PlanningViewController.xib in Resources */,
				6437C7CF1A78AABA000187AC /* carat.png in Resources */,
				64C7D73F1A72451A00FC602F /* clarity-shutdown-icon.png in Resources */,
				D42C9FAA1A725FF3003BF9F3 /* WorkCell.xib in Resources */,
				6437C7C71A78A6A7000187AC /* planning-s.png in Resources */,
				6437C7D11A78AB30000187AC /* bgmetro1.png in Resources */,
				D42C9FA81A722C90003BF9F3 /* addblack.png in Resources */,
				6437C7CB1A78AA97000187AC /* appbar.delete.png in Resources */,
				D42C9F701A7214B2003BF9F3 /* Images.xcassets in Resources */,
				D42C9FAC1A7264E3003BF9F3 /* cb_mono_on.png in Resources */,
				6437C7C61A78A6A7000187AC /* work-entry.png in Resources */,
				6437C79C1A78A08D000187AC /* customplancell.xib in Resources */,
				6437C7E51A78C1F8000187AC /* AddplanViewController.xib in Resources */,
				64C7D7681A72589C00FC602F /* HomeViewController.xib in Resources */,
				6437C7E11A78C1F8000187AC /* AddworkViewController.xib in Resources */,
			);
			runOnlyForDeploymentPostprocessing = 0;
		};
		D42C9F761A7214B2003BF9F3 /* Resources */ = {
			isa = PBXResourcesBuildPhase;
			buildActionMask = 2147483647;
			files = (
			);
			runOnlyForDeploymentPostprocessing = 0;
		};
/* End PBXResourcesBuildPhase section */

/* Begin PBXSourcesBuildPhase section */
		D42C9F5B1A7214B2003BF9F3 /* Sources */ = {
			isa = PBXSourcesBuildPhase;
			buildActionMask = 2147483647;
			files = (
				64C7D7651A72589C00FC602F /* ViewController.m in Sources */,
				6437C79A1A78A08D000187AC /* PlanningViewController.m in Sources */,
				6437C7981A78A08D000187AC /* PlngTileViewController.m in Sources */,
				64C7D73B1A722D8900FC602F /* AFURLConnectionOperation.m in Sources */,
				64C7D73D1A722D8900FC602F /* UIImageView+AFNetworking.m in Sources */,
				D42C9F681A7214B2003BF9F3 /* AppDelegate.m in Sources */,
				6437C7A61A78A17D000187AC /* planmodel.m in Sources */,
				64C7D73A1A722D8900FC602F /* AFPropertyListRequestOperation.m in Sources */,
				D42C9F951A721A3B003BF9F3 /* WorkViewController.m in Sources */,
				6437C7A91A78A1B9000187AC /* Validation.m in Sources */,
				6437C7E21A78C1F8000187AC /* ChartViewController.m in Sources */,
				D42C9F651A7214B2003BF9F3 /* main.m in Sources */,
				64C7D73C1A722D8900FC602F /* AFXMLRequestOperation.m in Sources */,
				64C7D7671A72589C00FC602F /* HomeViewController.m in Sources */,
				6437C7E01A78C1F8000187AC /* AddworkViewController.m in Sources */,
				64C7D7391A722D8900FC602F /* AFNetworkActivityIndicatorManager.m in Sources */,
				6437C7A31A78A164000187AC /* Rightscheck.m in Sources */,
				64C7D7361A722D8900FC602F /* AFHTTPRequestOperation.m in Sources */,
				64C7D7371A722D8900FC602F /* AFImageRequestOperation.m in Sources */,
				6437C7E41A78C1F8000187AC /* AddplanViewController.m in Sources */,
				64C7D7351A722D8900FC602F /* AFHTTPClient.m in Sources */,
				64C7D7381A722D8900FC602F /* AFJSONRequestOperation.m in Sources */,
			);
			runOnlyForDeploymentPostprocessing = 0;
		};
		D42C9F741A7214B2003BF9F3 /* Sources */ = {
			isa = PBXSourcesBuildPhase;
			buildActionMask = 2147483647;
			files = (
				D42C9F7F1A7214B2003BF9F3 /* KontractWorkOrderTests.m in Sources */,
			);
			runOnlyForDeploymentPostprocessing = 0;
		};
/* End PBXSourcesBuildPhase section */

/* Begin PBXTargetDependency section */
		D42C9F7A1A7214B2003BF9F3 /* PBXTargetDependency */ = {
			isa = PBXTargetDependency;
			target = D42C9F5E1A7214B2003BF9F3 /* KontractWorkOrder */;
			targetProxy = D42C9F791A7214B2003BF9F3 /* PBXContainerItemProxy */;
		};
/* End PBXTargetDependency section */

/* Begin XCBuildConfiguration section */
		D42C9F801A7214B2003BF9F3 /* Debug */ = {
			isa = XCBuildConfiguration;
			buildSettings = {
				ALWAYS_SEARCH_USER_PATHS = NO;
				CLANG_CXX_LANGUAGE_STANDARD = "gnu++0x";
				CLANG_CXX_LIBRARY = "libc++";
				CLANG_ENABLE_MODULES = YES;
				CLANG_ENABLE_OBJC_ARC = YES;
				CLANG_WARN_BOOL_CONVERSION = YES;
				CLANG_WARN_CONSTANT_CONVERSION = YES;
				CLANG_WARN_DIRECT_OBJC_ISA_USAGE = YES_ERROR;
				CLANG_WARN_EMPTY_BODY = YES;
				CLANG_WARN_ENUM_CONVERSION = YES;
				CLANG_WARN_INT_CONVERSION = YES;
				CLANG_WARN_OBJC_ROOT_CLASS = YES_ERROR;
				CLANG_WARN_UNREACHABLE_CODE = YES;
				CLANG_WARN__DUPLICATE_METHOD_MATCH = YES;
				"CODE_SIGN_IDENTITY[sdk=iphoneos*]" = "iPhone Developer";
				COPY_PHASE_STRIP = NO;
				ENABLE_STRICT_OBJC_MSGSEND = YES;
				GCC_C_LANGUAGE_STANDARD = gnu99;
				GCC_DYNAMIC_NO_PIC = NO;
				GCC_OPTIMIZATION_LEVEL = 0;
				GCC_PREPROCESSOR_DEFINITIONS = (
					"DEBUG=1",
					"$(inherited)",
				);
				GCC_SYMBOLS_PRIVATE_EXTERN = NO;
				GCC_WARN_64_TO_32_BIT_CONVERSION = YES;
				GCC_WARN_ABOUT_RETURN_TYPE = YES_ERROR;
				GCC_WARN_UNDECLARED_SELECTOR = YES;
				GCC_WARN_UNINITIALIZED_AUTOS = YES_AGGRESSIVE;
				GCC_WARN_UNUSED_FUNCTION = YES;
				GCC_WARN_UNUSED_VARIABLE = YES;
				IPHONEOS_DEPLOYMENT_TARGET = 8.1;
				MTL_ENABLE_DEBUG_INFO = YES;
				ONLY_ACTIVE_ARCH = YES;
				SDKROOT = iphoneos;
				TARGETED_DEVICE_FAMILY = 2;
			};
			name = Debug;
		};
		D42C9F811A7214B2003BF9F3 /* Release */ = {
			isa = XCBuildConfiguration;
			buildSettings = {
				ALWAYS_SEARCH_USER_PATHS = NO;
				CLANG_CXX_LANGUAGE_STANDARD = "gnu++0x";
				CLANG_CXX_LIBRARY = "libc++";
				CLANG_ENABLE_MODULES = YES;
				CLANG_ENABLE_OBJC_ARC = YES;
				CLANG_WARN_BOOL_CONVERSION = YES;
				CLANG_WARN_CONSTANT_CONVERSION = YES;
				CLANG_WARN_DIRECT_OBJC_ISA_USAGE = YES_ERROR;
				CLANG_WARN_EMPTY_BODY = YES;
				CLANG_WARN_ENUM_CONVERSION = YES;
				CLANG_WARN_INT_CONVERSION = YES;
				CLANG_WARN_OBJC_ROOT_CLASS = YES_ERROR;
				CLANG_WARN_UNREACHABLE_CODE = YES;
				CLANG_WARN__DUPLICATE_METHOD_MATCH = YES;
				"CODE_SIGN_IDENTITY[sdk=iphoneos*]" = "iPhone Developer";
				COPY_PHASE_STRIP = YES;
				ENABLE_NS_ASSERTIONS = NO;
				ENABLE_STRICT_OBJC_MSGSEND = YES;
				GCC_C_LANGUAGE_STANDARD = gnu99;
				GCC_WARN_64_TO_32_BIT_CONVERSION = YES;
				GCC_WARN_ABOUT_RETURN_TYPE = YES_ERROR;
				GCC_WARN_UNDECLARED_SELECTOR = YES;
				GCC_WARN_UNINITIALIZED_AUTOS = YES_AGGRESSIVE;
				GCC_WARN_UNUSED_FUNCTION = YES;
				GCC_WARN_UNUSED_VARIABLE = YES;
				IPHONEOS_DEPLOYMENT_TARGET = 8.1;
				MTL_ENABLE_DEBUG_INFO = NO;
				SDKROOT = iphoneos;
				TARGETED_DEVICE_FAMILY = 2;
				VALIDATE_PRODUCT = YES;
			};
			name = Release;
		};
		D42C9F831A7214B2003BF9F3 /* Debug */ = {
			isa = XCBuildConfiguration;
			buildSettings = {
				ASSETCATALOG_COMPILER_APPICON_NAME = AppIcon;
				INFOPLIST_FILE = KontractWorkOrder/Info.plist;
				LD_RUNPATH_SEARCH_PATHS = "$(inherited) @executable_path/Frameworks";
				PRODUCT_NAME = "$(TARGET_NAME)";
			};
			name = Debug;
		};
		D42C9F841A7214B2003BF9F3 /* Release */ = {
			isa = XCBuildConfiguration;
			buildSettings = {
				ASSETCATALOG_COMPILER_APPICON_NAME = AppIcon;
				INFOPLIST_FILE = KontractWorkOrder/Info.plist;
				LD_RUNPATH_SEARCH_PATHS = "$(inherited) @executable_path/Frameworks";
				PRODUCT_NAME = "$(TARGET_NAME)";
			};
			name = Release;
		};
		D42C9F861A7214B2003BF9F3 /* Debug */ = {
			isa = XCBuildConfiguration;
			buildSettings = {
				BUNDLE_LOADER = "$(TEST_HOST)";
				FRAMEWORK_SEARCH_PATHS = (
					"$(SDKROOT)/Developer/Library/Frameworks",
					"$(inherited)",
				);
				GCC_PREPROCESSOR_DEFINITIONS = (
					"DEBUG=1",
					"$(inherited)",
				);
				INFOPLIST_FILE = KontractWorkOrderTests/Info.plist;
				LD_RUNPATH_SEARCH_PATHS = "$(inherited) @executable_path/Frameworks @loader_path/Frameworks";
				PRODUCT_NAME = "$(TARGET_NAME)";
				TEST_HOST = "$(BUILT_PRODUCTS_DIR)/KontractWorkOrder.app/KontractWorkOrder";
			};
			name = Debug;
		};
		D42C9F871A7214B2003BF9F3 /* Release */ = {
			isa = XCBuildConfiguration;
			buildSettings = {
				BUNDLE_LOADER = "$(TEST_HOST)";
				FRAMEWORK_SEARCH_PATHS = (
					"$(SDKROOT)/Developer/Library/Frameworks",
					"$(inherited)",
				);
				INFOPLIST_FILE = KontractWorkOrderTests/Info.plist;
				LD_RUNPATH_SEARCH_PATHS = "$(inherited) @executable_path/Frameworks @loader_path/Frameworks";
				PRODUCT_NAME = "$(TARGET_NAME)";
				TEST_HOST = "$(BUILT_PRODUCTS_DIR)/KontractWorkOrder.app/KontractWorkOrder";
			};
			name = Release;
		};
/* End XCBuildConfiguration section */

/* Begin XCConfigurationList section */
		D42C9F5A1A7214B2003BF9F3 /* Build configuration list for PBXProject "KontractWorkOrder" */ = {
			isa = XCConfigurationList;
			buildConfigurations = (
				D42C9F801A7214B2003BF9F3 /* Debug */,
				D42C9F811A7214B2003BF9F3 /* Release */,
			);
			defaultConfigurationIsVisible = 0;
			defaultConfigurationName = Release;
		};
		D42C9F821A7214B2003BF9F3 /* Build configuration list for PBXNativeTarget "KontractWorkOrder" */ = {
			isa = XCConfigurationList;
			buildConfigurations = (
				D42C9F831A7214B2003BF9F3 /* Debug */,
				D42C9F841A7214B2003BF9F3 /* Release */,
			);
			defaultConfigurationIsVisible = 0;
			defaultConfigurationName = Release;
		};
		D42C9F851A7214B2003BF9F3 /* Build configuration list for PBXNativeTarget "KontractWorkOrderTests" */ = {
			isa = XCConfigurationList;
			buildConfigurations = (
				D42C9F861A7214B2003BF9F3 /* Debug */,
				D42C9F871A7214B2003BF9F3 /* Release */,
			);
			defaultConfigurationIsVisible = 0;
			defaultConfigurationName = Release;
		};
/* End XCConfigurationList section */
	};
	rootObject = D42C9F571A7214B2003BF9F3 /* Project object */;
}
